
Microsoft Visual Studio Solution File, Format Version 12.00
# Visual Studio 2013
VisualStudioVersion = 12.0.40629.0
MinimumVisualStudioVersion = 10.0.40219.1
Project("{2150E333-8FDC-42A3-9474-1A3956D46DE8}") = "Business Logic Layer", "Business Logic Layer", "{728DC90D-BB84-43A0-A498-3E78B97DA352}"
EndProject
Project("{FAE04EC0-301F-11D3-BF4B-00C04F79EFBC}") = "Tekinroads.BAL", "Tekinroads.BAL\Tekinroads.BAL.csproj", "{2B3311DA-4968-4EE5-8D54-2BAF575AE5FF}"
EndProject
Project("{2150E333-8FDC-42A3-9474-1A3956D46DE8}") = "Data Access Layer", "Data Access Layer", "{CEB94710-2D5E-4539-8AFF-9D47B4057B41}"
EndProject
Project("{FAE04EC0-301F-11D3-BF4B-00C04F79EFBC}") = "Tekinroads.DAL", "Tekinroads.DAL\Tekinroads.DAL.csproj", "{4CE0527B-EB61-4B22-A3DC-47429EC4400E}"
EndProject
Project("{2150E333-8FDC-42A3-9474-1A3956D46DE8}") = "Application Layer", "Application Layer", "{F66C65DF-23AF-47FF-99B7-607D0FFF4984}"
EndProject
Project("{FAE04EC0-301F-11D3-BF4B-00C04F79EFBC}") = "TekinroadsPortal", "TekinroadsPortal\TekinroadsPortal.csproj", "{826EBAFA-8E89-474D-9DFC-BE407DFB1AC4}"
EndProject
Global
	GlobalSection(SolutionConfigurationPlatforms) = preSolution
		Debug|Any CPU = Debug|Any CPU
		Release|Any CPU = Release|Any CPU
	EndGlobalSection
	GlobalSection(ProjectConfigurationPlatforms) = postSolution
		{2B3311DA-4968-4EE5-8D54-2BAF575AE5FF}.Debug|Any CPU.ActiveCfg = Debug|Any CPU
		{2B3311DA-4968-4EE5-8D54-2BAF575AE5FF}.Debug|Any CPU.Build.0 = Debug|Any CPU
		{2B3311DA-4968-4EE5-8D54-2BAF575AE5FF}.Release|Any CPU.ActiveCfg = Release|Any CPU
		{2B3311DA-4968-4EE5-8D54-2BAF575AE5FF}.Release|Any CPU.Build.0 = Release|Any CPU
		{4CE0527B-EB61-4B22-A3DC-47429EC4400E}.Debug|Any CPU.ActiveCfg = Debug|Any CPU
		{4CE0527B-EB61-4B22-A3DC-47429EC4400E}.Debug|Any CPU.Build.0 = Debug|Any CPU
		{4CE0527B-EB61-4B22-A3DC-47429EC4400E}.Release|Any CPU.ActiveCfg = Release|Any CPU
		{4CE0527B-EB61-4B22-A3DC-47429EC4400E}.Release|Any CPU.Build.0 = Release|Any CPU
		{826EBAFA-8E89-474D-9DFC-BE407DFB1AC4}.Debug|Any CPU.ActiveCfg = Debug|Any CPU
		{826EBAFA-8E89-474D-9DFC-BE407DFB1AC4}.Debug|Any CPU.Build.0 = Debug|Any CPU
		{826EBAFA-8E89-474D-9DFC-BE407DFB1AC4}.Release|Any CPU.ActiveCfg = Release|Any CPU
		{826EBAFA-8E89-474D-9DFC-BE407DFB1AC4}.Release|Any CPU.Build.0 = Release|Any CPU
	EndGlobalSection
	GlobalSection(SolutionProperties) = preSolution
		HideSolutionNode = FALSE
	EndGlobalSection
	GlobalSection(NestedProjects) = preSolution
		{2B3311DA-4968-4EE5-8D54-2BAF575AE5FF} = {728DC90D-BB84-43A0-A498-3E78B97DA352}
		{4CE0527B-EB61-4B22-A3DC-47429EC4400E} = {CEB94710-2D5E-4539-8AFF-9D47B4057B41}
		{826EBAFA-8E89-474D-9DFC-BE407DFB1AC4} = {F66C65DF-23AF-47FF-99B7-607D0FFF4984}
	EndGlobalSection
EndGlobal
